
Microsoft Visual Studio Solution File, Format Version 12.00
Project("{FAE04EC0-301F-11D3-BF4B-00C04F79EFBC}") = "ProyectoDI2", "ProyectoDI2\ProyectoDI2.csproj", "{300105EE-2595-4E2A-81D3-463E212DEC65}"
EndProject
Global
	GlobalSection(SolutionConfigurationPlatforms) = preSolution
		Debug|Any CPU = Debug|Any CPU
		Release|Any CPU = Release|Any CPU
	EndGlobalSection
	GlobalSection(ProjectConfigurationPlatforms) = postSolution
		{300105EE-2595-4E2A-81D3-463E212DEC65}.Debug|Any CPU.ActiveCfg = Debug|Any CPU
		{300105EE-2595-4E2A-81D3-463E212DEC65}.Debug|Any CPU.Build.0 = Debug|Any CPU
		{300105EE-2595-4E2A-81D3-463E212DEC65}.Release|Any CPU.ActiveCfg = Release|Any CPU
		{300105EE-2595-4E2A-81D3-463E212DEC65}.Release|Any CPU.Build.0 = Release|Any CPU
	EndGlobalSection
EndGlobal
